
Microsoft Visual Studio Solution File, Format Version 12.00
# Visual Studio Version 17
VisualStudioVersion = 17.0.31903.59
MinimumVisualStudioVersion = 10.0.40219.1
Project("{2150E333-8FDC-42A3-9474-1A3956D46DE8}") = "src", "src", "{85D66F11-38E9-4D43-89F4-1F29633E1298}"
EndProject
Project("{2150E333-8FDC-42A3-9474-1A3956D46DE8}") = "BuildingBlocks", "BuildingBlocks", "{834E6761-EF9C-4222-A162-0536526639FF}"
EndProject
Project("{FAE04EC0-301F-11D3-BF4B-00C04F79EFBC}") = "BuildingBlocks.Common", "src\BuildingBlocks\Common\BuildingBlocks.Common.csproj", "{F6D20583-F941-4F1D-B580-998310D79EC3}"
EndProject
Project("{2150E333-8FDC-42A3-9474-1A3956D46DE8}") = "Sales", "Sales", "{29AEA130-B324-443E-ABA7-D134F16020B8}"
EndProject
Project("{FAE04EC0-301F-11D3-BF4B-00C04F79EFBC}") = "Sales.Domain", "src\Sales\Sales.Domain\Sales.Domain.csproj", "{4F039819-259B-4C3C-B17B-9C4FDB608155}"
EndProject
Project("{FAE04EC0-301F-11D3-BF4B-00C04F79EFBC}") = "Sales.Application", "src\Sales\Sales.Application\Sales.Application.csproj", "{9BA5A7B2-B030-40AC-A46B-52D60E706DEE}"
EndProject
Project("{FAE04EC0-301F-11D3-BF4B-00C04F79EFBC}") = "Sales.Infrastructure", "src\Sales\Sales.Infrastructure\Sales.Infrastructure.csproj", "{97E5C1E5-E621-4772-8A55-AC97D793B904}"
EndProject
Project("{FAE04EC0-301F-11D3-BF4B-00C04F79EFBC}") = "Sales.Api", "src\Sales\Sales.Api\Sales.Api.csproj", "{6A090D15-BA24-44C7-B14A-0B7662BB1F34}"
EndProject
Project("{2150E333-8FDC-42A3-9474-1A3956D46DE8}") = "Inventory", "Inventory", "{A97C4347-ED3E-4984-8BF5-4A0744376C0B}"
EndProject
Project("{FAE04EC0-301F-11D3-BF4B-00C04F79EFBC}") = "Inventory.Domain", "src\Inventory\Inventory.Domain\Inventory.Domain.csproj", "{CEF5C30A-251F-4052-A2DC-8D116696FE21}"
EndProject
Project("{FAE04EC0-301F-11D3-BF4B-00C04F79EFBC}") = "Inventory.Application", "src\Inventory\Inventory.Application\Inventory.Application.csproj", "{F66CABFF-F3D6-4A0B-872F-EDA6978CB2E8}"
EndProject
Project("{FAE04EC0-301F-11D3-BF4B-00C04F79EFBC}") = "Inventory.Infrastructure", "src\Inventory\Inventory.Infrastructure\Inventory.Infrastructure.csproj", "{60A02941-6236-46DD-9589-95D154FE3C70}"
EndProject
Project("{FAE04EC0-301F-11D3-BF4B-00C04F79EFBC}") = "Inventory.Api", "src\Inventory\Inventory.Api\Inventory.Api.csproj", "{582C2CDE-A4A9-49BB-A8C9-C557075F6A48}"
EndProject
Project("{2150E333-8FDC-42A3-9474-1A3956D46DE8}") = "tests", "tests", "{814C23D9-E4EC-4ECC-9CEE-BC9C80ED73CC}"
EndProject
Project("{FAE04EC0-301F-11D3-BF4B-00C04F79EFBC}") = "Sales.Tests", "tests\Sales.Tests\Sales.Tests.csproj", "{6A9EF88A-8ABC-4E83-AC63-1D268DD7BE81}"
EndProject
Project("{FAE04EC0-301F-11D3-BF4B-00C04F79EFBC}") = "Inventory.Tests", "tests\Inventory.Tests\Inventory.Tests.csproj", "{D9D75FDB-950E-4F29-84BB-89A32CD81427}"
EndProject
Global
	GlobalSection(SolutionConfigurationPlatforms) = preSolution
		Debug|Any CPU = Debug|Any CPU
		Release|Any CPU = Release|Any CPU
	EndGlobalSection
	GlobalSection(SolutionProperties) = preSolution
		HideSolutionNode = FALSE
	EndGlobalSection
	GlobalSection(ProjectConfigurationPlatforms) = postSolution
		{F6D20583-F941-4F1D-B580-998310D79EC3}.Debug|Any CPU.ActiveCfg = Debug|Any CPU
		{F6D20583-F941-4F1D-B580-998310D79EC3}.Debug|Any CPU.Build.0 = Debug|Any CPU
		{F6D20583-F941-4F1D-B580-998310D79EC3}.Release|Any CPU.ActiveCfg = Release|Any CPU
		{F6D20583-F941-4F1D-B580-998310D79EC3}.Release|Any CPU.Build.0 = Release|Any CPU
		{4F039819-259B-4C3C-B17B-9C4FDB608155}.Debug|Any CPU.ActiveCfg = Debug|Any CPU
		{4F039819-259B-4C3C-B17B-9C4FDB608155}.Debug|Any CPU.Build.0 = Debug|Any CPU
		{4F039819-259B-4C3C-B17B-9C4FDB608155}.Release|Any CPU.ActiveCfg = Release|Any CPU
		{4F039819-259B-4C3C-B17B-9C4FDB608155}.Release|Any CPU.Build.0 = Release|Any CPU
		{9BA5A7B2-B030-40AC-A46B-52D60E706DEE}.Debug|Any CPU.ActiveCfg = Debug|Any CPU
		{9BA5A7B2-B030-40AC-A46B-52D60E706DEE}.Debug|Any CPU.Build.0 = Debug|Any CPU
		{9BA5A7B2-B030-40AC-A46B-52D60E706DEE}.Release|Any CPU.ActiveCfg = Release|Any CPU
		{9BA5A7B2-B030-40AC-A46B-52D60E706DEE}.Release|Any CPU.Build.0 = Release|Any CPU
		{97E5C1E5-E621-4772-8A55-AC97D793B904}.Debug|Any CPU.ActiveCfg = Debug|Any CPU
		{97E5C1E5-E621-4772-8A55-AC97D793B904}.Debug|Any CPU.Build.0 = Debug|Any CPU
		{97E5C1E5-E621-4772-8A55-AC97D793B904}.Release|Any CPU.ActiveCfg = Release|Any CPU
		{97E5C1E5-E621-4772-8A55-AC97D793B904}.Release|Any CPU.Build.0 = Release|Any CPU
		{6A090D15-BA24-44C7-B14A-0B7662BB1F34}.Debug|Any CPU.ActiveCfg = Debug|Any CPU
		{6A090D15-BA24-44C7-B14A-0B7662BB1F34}.Debug|Any CPU.Build.0 = Debug|Any CPU
		{6A090D15-BA24-44C7-B14A-0B7662BB1F34}.Release|Any CPU.ActiveCfg = Release|Any CPU
		{6A090D15-BA24-44C7-B14A-0B7662BB1F34}.Release|Any CPU.Build.0 = Release|Any CPU
		{CEF5C30A-251F-4052-A2DC-8D116696FE21}.Debug|Any CPU.ActiveCfg = Debug|Any CPU
		{CEF5C30A-251F-4052-A2DC-8D116696FE21}.Debug|Any CPU.Build.0 = Debug|Any CPU
		{CEF5C30A-251F-4052-A2DC-8D116696FE21}.Release|Any CPU.ActiveCfg = Release|Any CPU
		{CEF5C30A-251F-4052-A2DC-8D116696FE21}.Release|Any CPU.Build.0 = Release|Any CPU
		{F66CABFF-F3D6-4A0B-872F-EDA6978CB2E8}.Debug|Any CPU.ActiveCfg = Debug|Any CPU
		{F66CABFF-F3D6-4A0B-872F-EDA6978CB2E8}.Debug|Any CPU.Build.0 = Debug|Any CPU
		{F66CABFF-F3D6-4A0B-872F-EDA6978CB2E8}.Release|Any CPU.ActiveCfg = Release|Any CPU
		{F66CABFF-F3D6-4A0B-872F-EDA6978CB2E8}.Release|Any CPU.Build.0 = Release|Any CPU
		{60A02941-6236-46DD-9589-95D154FE3C70}.Debug|Any CPU.ActiveCfg = Debug|Any CPU
		{60A02941-6236-46DD-9589-95D154FE3C70}.Debug|Any CPU.Build.0 = Debug|Any CPU
		{60A02941-6236-46DD-9589-95D154FE3C70}.Release|Any CPU.ActiveCfg = Release|Any CPU
		{60A02941-6236-46DD-9589-95D154FE3C70}.Release|Any CPU.Build.0 = Release|Any CPU
		{582C2CDE-A4A9-49BB-A8C9-C557075F6A48}.Debug|Any CPU.ActiveCfg = Debug|Any CPU
		{582C2CDE-A4A9-49BB-A8C9-C557075F6A48}.Debug|Any CPU.Build.0 = Debug|Any CPU
		{582C2CDE-A4A9-49BB-A8C9-C557075F6A48}.Release|Any CPU.ActiveCfg = Release|Any CPU
		{582C2CDE-A4A9-49BB-A8C9-C557075F6A48}.Release|Any CPU.Build.0 = Release|Any CPU
		{6A9EF88A-8ABC-4E83-AC63-1D268DD7BE81}.Debug|Any CPU.ActiveCfg = Debug|Any CPU
		{6A9EF88A-8ABC-4E83-AC63-1D268DD7BE81}.Debug|Any CPU.Build.0 = Debug|Any CPU
		{6A9EF88A-8ABC-4E83-AC63-1D268DD7BE81}.Release|Any CPU.ActiveCfg = Release|Any CPU
		{6A9EF88A-8ABC-4E83-AC63-1D268DD7BE81}.Release|Any CPU.Build.0 = Release|Any CPU
		{D9D75FDB-950E-4F29-84BB-89A32CD81427}.Debug|Any CPU.ActiveCfg = Debug|Any CPU
		{D9D75FDB-950E-4F29-84BB-89A32CD81427}.Debug|Any CPU.Build.0 = Debug|Any CPU
		{D9D75FDB-950E-4F29-84BB-89A32CD81427}.Release|Any CPU.ActiveCfg = Release|Any CPU
		{D9D75FDB-950E-4F29-84BB-89A32CD81427}.Release|Any CPU.Build.0 = Release|Any CPU
	EndGlobalSection
	GlobalSection(NestedProjects) = preSolution
		{834E6761-EF9C-4222-A162-0536526639FF} = {85D66F11-38E9-4D43-89F4-1F29633E1298}
		{F6D20583-F941-4F1D-B580-998310D79EC3} = {834E6761-EF9C-4222-A162-0536526639FF}
		{29AEA130-B324-443E-ABA7-D134F16020B8} = {85D66F11-38E9-4D43-89F4-1F29633E1298}
		{4F039819-259B-4C3C-B17B-9C4FDB608155} = {29AEA130-B324-443E-ABA7-D134F16020B8}
		{9BA5A7B2-B030-40AC-A46B-52D60E706DEE} = {29AEA130-B324-443E-ABA7-D134F16020B8}
		{97E5C1E5-E621-4772-8A55-AC97D793B904} = {29AEA130-B324-443E-ABA7-D134F16020B8}
		{6A090D15-BA24-44C7-B14A-0B7662BB1F34} = {29AEA130-B324-443E-ABA7-D134F16020B8}
		{A97C4347-ED3E-4984-8BF5-4A0744376C0B} = {85D66F11-38E9-4D43-89F4-1F29633E1298}
		{CEF5C30A-251F-4052-A2DC-8D116696FE21} = {A97C4347-ED3E-4984-8BF5-4A0744376C0B}
		{F66CABFF-F3D6-4A0B-872F-EDA6978CB2E8} = {A97C4347-ED3E-4984-8BF5-4A0744376C0B}
		{60A02941-6236-46DD-9589-95D154FE3C70} = {A97C4347-ED3E-4984-8BF5-4A0744376C0B}
		{582C2CDE-A4A9-49BB-A8C9-C557075F6A48} = {A97C4347-ED3E-4984-8BF5-4A0744376C0B}
		{6A9EF88A-8ABC-4E83-AC63-1D268DD7BE81} = {814C23D9-E4EC-4ECC-9CEE-BC9C80ED73CC}
		{D9D75FDB-950E-4F29-84BB-89A32CD81427} = {814C23D9-E4EC-4ECC-9CEE-BC9C80ED73CC}
	EndGlobalSection
EndGlobal
